// !$*UTF8*$!
{
	archiveVersion = 1;
	classes = {
	};
	objectVersion = 50;
	objects = {

/* Begin PBXBuildFile section */
		5A8E918323A12E60006AD041 /* AppDelegate.swift in Sources */ = {isa = PBXBuildFile; fileRef = 5A8E918223A12E60006AD041 /* AppDelegate.swift */; };
		5A8E918523A12E60006AD041 /* SceneDelegate.swift in Sources */ = {isa = PBXBuildFile; fileRef = 5A8E918423A12E60006AD041 /* SceneDelegate.swift */; };
		5A8E918923A12E62006AD041 /* Assets.xcassets in Resources */ = {isa = PBXBuildFile; fileRef = 5A8E918823A12E62006AD041 /* Assets.xcassets */; };
		5A8E918C23A12E62006AD041 /* Preview Assets.xcassets in Resources */ = {isa = PBXBuildFile; fileRef = 5A8E918B23A12E62006AD041 /* Preview Assets.xcassets */; };
		5A8E918F23A12E62006AD041 /* LaunchScreen.storyboard in Resources */ = {isa = PBXBuildFile; fileRef = 5A8E918D23A12E62006AD041 /* LaunchScreen.storyboard */; };
		5A8E91A723A12F01006AD041 /* ArrayExtension.swift in Sources */ = {isa = PBXBuildFile; fileRef = 5A8E91A123A12F01006AD041 /* ArrayExtension.swift */; };
		5A8E91A823A12F01006AD041 /* MusicPlaylistManager.swift in Sources */ = {isa = PBXBuildFile; fileRef = 5A8E91A223A12F01006AD041 /* MusicPlaylistManager.swift */; };
		5A8E91A923A12F01006AD041 /* MusicPlaylistView.swift in Sources */ = {isa = PBXBuildFile; fileRef = 5A8E91A423A12F01006AD041 /* MusicPlaylistView.swift */; };
		5A8E91AA23A12F01006AD041 /* MusicPlayerView.swift in Sources */ = {isa = PBXBuildFile; fileRef = 5A8E91A523A12F01006AD041 /* MusicPlayerView.swift */; };
		5A8E91AB23A12F01006AD041 /* MusicPlayManager.swift in Sources */ = {isa = PBXBuildFile; fileRef = 5A8E91A623A12F01006AD041 /* MusicPlayManager.swift */; };
/* End PBXBuildFile section */

/* Begin PBXFileReference section */
		5A8E917F23A12E60006AD041 /* ios-music-sample.app */ = {isa = PBXFileReference; explicitFileType = wrapper.application; includeInIndex = 0; path = "ios-music-sample.app"; sourceTree = BUILT_PRODUCTS_DIR; };
		5A8E918223A12E60006AD041 /* AppDelegate.swift */ = {isa = PBXFileReference; lastKnownFileType = sourcecode.swift; path = AppDelegate.swift; sourceTree = "<group>"; };
		5A8E918423A12E60006AD041 /* SceneDelegate.swift */ = {isa = PBXFileReference; lastKnownFileType = sourcecode.swift; path = SceneDelegate.swift; sourceTree = "<group>"; };
		5A8E918823A12E62006AD041 /* Assets.xcassets */ = {isa = PBXFileReference; lastKnownFileType = folder.assetcatalog; path = Assets.xcassets; sourceTree = "<group>"; };
		5A8E918B23A12E62006AD041 /* Preview Assets.xcassets */ = {isa = PBXFileReference; lastKnownFileType = folder.assetcatalog; path = "Preview Assets.xcassets"; sourceTree = "<group>"; };
		5A8E918E23A12E62006AD041 /* Base */ = {isa = PBXFileReference; lastKnownFileType = file.storyboard; name = Base; path = Base.lproj/LaunchScreen.storyboard; sourceTree = "<group>"; };
		5A8E919023A12E62006AD041 /* Info.plist */ = {isa = PBXFileReference; lastKnownFileType = text.plist.xml; path = Info.plist; sourceTree = "<group>"; };
		5A8E91A123A12F01006AD041 /* ArrayExtension.swift */ = {isa = PBXFileReference; fileEncoding = 4; lastKnownFileType = sourcecode.swift; path = ArrayExtension.swift; sourceTree = "<group>"; };
		5A8E91A223A12F01006AD041 /* MusicPlaylistManager.swift */ = {isa = PBXFileReference; fileEncoding = 4; lastKnownFileType = sourcecode.swift; path = MusicPlaylistManager.swift; sourceTree = "<group>"; };
		5A8E91A423A12F01006AD041 /* MusicPlaylistView.swift */ = {isa = PBXFileReference; fileEncoding = 4; lastKnownFileType = sourcecode.swift; path = MusicPlaylistView.swift; sourceTree = "<group>"; };
		5A8E91A523A12F01006AD041 /* MusicPlayerView.swift */ = {isa = PBXFileReference; fileEncoding = 4; lastKnownFileType = sourcecode.swift; name = MusicPlayerView.swift; path = ../MusicPlayerView.swift; sourceTree = "<group>"; };
		5A8E91A623A12F01006AD041 /* MusicPlayManager.swift */ = {isa = PBXFileReference; fileEncoding = 4; lastKnownFileType = sourcecode.swift; path = MusicPlayManager.swift; sourceTree = "<group>"; };
/* End PBXFileReference section */

/* Begin PBXFrameworksBuildPhase section */
		5A8E917C23A12E60006AD041 /* Frameworks */ = {
			isa = PBXFrameworksBuildPhase;
			buildActionMask = 2147483647;
			files = (
			);
			runOnlyForDeploymentPostprocessing = 0;
		};
/* End PBXFrameworksBuildPhase section */

/* Begin PBXGroup section */
		5A8E917623A12E60006AD041 = {
			isa = PBXGroup;
			children = (
				5A8E918123A12E60006AD041 /* ios-music-sample */,
				5A8E918023A12E60006AD041 /* Products */,
			);
			sourceTree = "<group>";
		};
		5A8E918023A12E60006AD041 /* Products */ = {
			isa = PBXGroup;
			children = (
				5A8E917F23A12E60006AD041 /* ios-music-sample.app */,
			);
			name = Products;
			sourceTree = "<group>";
		};
		5A8E918123A12E60006AD041 /* ios-music-sample */ = {
			isa = PBXGroup;
			children = (
				5A8E91AC23A12F39006AD041 /* View */,
				5A8E91A023A12F01006AD041 /* Util */,
				5A8E91A223A12F01006AD041 /* MusicPlaylistManager.swift */,
				5A8E91A623A12F01006AD041 /* MusicPlayManager.swift */,
				5A8E918223A12E60006AD041 /* AppDelegate.swift */,
				5A8E918423A12E60006AD041 /* SceneDelegate.swift */,
				5A8E918823A12E62006AD041 /* Assets.xcassets */,
				5A8E918D23A12E62006AD041 /* LaunchScreen.storyboard */,
				5A8E919023A12E62006AD041 /* Info.plist */,
				5A8E918A23A12E62006AD041 /* Preview Content */,
			);
			path = "ios-music-sample";
			sourceTree = "<group>";
		};
		5A8E918A23A12E62006AD041 /* Preview Content */ = {
			isa = PBXGroup;
			children = (
				5A8E918B23A12E62006AD041 /* Preview Assets.xcassets */,
			);
			path = "Preview Content";
			sourceTree = "<group>";
		};
		5A8E91A023A12F01006AD041 /* Util */ = {
			isa = PBXGroup;
			children = (
				5A8E91A123A12F01006AD041 /* ArrayExtension.swift */,
			);
			path = Util;
			sourceTree = "<group>";
		};
		5A8E91A323A12F01006AD041 /* Playlist */ = {
			isa = PBXGroup;
			children = (
				5A8E91A423A12F01006AD041 /* MusicPlaylistView.swift */,
			);
			path = Playlist;
			sourceTree = "<group>";
		};
		5A8E91AC23A12F39006AD041 /* View */ = {
			isa = PBXGroup;
			children = (
				5A8E91A323A12F01006AD041 /* Playlist */,
				5A8E91A523A12F01006AD041 /* MusicPlayerView.swift */,
			);
			path = View;
			sourceTree = "<group>";
		};
/* End PBXGroup section */

/* Begin PBXNativeTarget section */
		5A8E917E23A12E60006AD041 /* ios-music-sample */ = {
			isa = PBXNativeTarget;
			buildConfigurationList = 5A8E919323A12E62006AD041 /* Build configuration list for PBXNativeTarget "ios-music-sample" */;
			buildPhases = (
				5A8E917B23A12E60006AD041 /* Sources */,
				5A8E917C23A12E60006AD041 /* Frameworks */,
				5A8E917D23A12E60006AD041 /* Resources */,
			);
			buildRules = (
			);
			dependencies = (
			);
			name = "ios-music-sample";
			productName = "ios-music-sample";
			productReference = 5A8E917F23A12E60006AD041 /* ios-music-sample.app */;
			productType = "com.apple.product-type.application";
		};
/* End PBXNativeTarget section */

/* Begin PBXProject section */
		5A8E917723A12E60006AD041 /* Project object */ = {
			isa = PBXProject;
			attributes = {
				LastSwiftUpdateCheck = 1120;
				LastUpgradeCheck = 1120;
				ORGANIZATIONNAME = nekowen;
				TargetAttributes = {
					5A8E917E23A12E60006AD041 = {
						CreatedOnToolsVersion = 11.2.1;
					};
				};
			};
			buildConfigurationList = 5A8E917A23A12E60006AD041 /* Build configuration list for PBXProject "ios-music-sample" */;
			compatibilityVersion = "Xcode 9.3";
			developmentRegion = en;
			hasScannedForEncodings = 0;
			knownRegions = (
				en,
				Base,
			);
			mainGroup = 5A8E917623A12E60006AD041;
			productRefGroup = 5A8E918023A12E60006AD041 /* Products */;
			projectDirPath = "";
			projectRoot = "";
			targets = (
				5A8E917E23A12E60006AD041 /* ios-music-sample */,
			);
		};
/* End PBXProject section */

/* Begin PBXResourcesBuildPhase section */
		5A8E917D23A12E60006AD041 /* Resources */ = {
			isa = PBXResourcesBuildPhase;
			buildActionMask = 2147483647;
			files = (
				5A8E918F23A12E62006AD041 /* LaunchScreen.storyboard in Resources */,
				5A8E918C23A12E62006AD041 /* Preview Assets.xcassets in Resources */,
				5A8E918923A12E62006AD041 /* Assets.xcassets in Resources */,
			);
			runOnlyForDeploymentPostprocessing = 0;
		};
/* End PBXResourcesBuildPhase section */

/* Begin PBXSourcesBuildPhase section */
		5A8E917B23A12E60006AD041 /* Sources */ = {
			isa = PBXSourcesBuildPhase;
			buildActionMask = 2147483647;
			files = (
				5A8E91A823A12F01006AD041 /* MusicPlaylistManager.swift in Sources */,
				5A8E918323A12E60006AD041 /* AppDelegate.swift in Sources */,
				5A8E91A923A12F01006AD041 /* MusicPlaylistView.swift in Sources */,
				5A8E91AB23A12F01006AD041 /* MusicPlayManager.swift in Sources */,
				5A8E918523A12E60006AD041 /* SceneDelegate.swift in Sources */,
				5A8E91AA23A12F01006AD041 /* MusicPlayerView.swift in Sources */,
				5A8E91A723A12F01006AD041 /* ArrayExtension.swift in Sources */,
			);
			runOnlyForDeploymentPostprocessing = 0;
		};
/* End PBXSourcesBuildPhase section */

/* Begin PBXVariantGroup section */
		5A8E918D23A12E62006AD041 /* LaunchScreen.storyboard */ = {
			isa = PBXVariantGroup;
			children = (
				5A8E918E23A12E62006AD041 /* Base */,
			);
			name = LaunchScreen.storyboard;
			sourceTree = "<group>";
		};
/* End PBXVariantGroup section */

/* Begin XCBuildConfiguration section */
		5A8E919123A12E62006AD041 /* Debug */ = {
			isa = XCBuildConfiguration;
			buildSettings = {
				ALWAYS_SEARCH_USER_PATHS = NO;
				CLANG_ANALYZER_NONNULL = YES;
				CLANG_ANALYZER_NUMBER_OBJECT_CONVERSION = YES_AGGRESSIVE;
				CLANG_CXX_LANGUAGE_STANDARD = "gnu++14";
				CLANG_CXX_LIBRARY = "libc++";
				CLANG_ENABLE_MODULES = YES;
				CLANG_ENABLE_OBJC_ARC = YES;
				CLANG_ENABLE_OBJC_WEAK = YES;
				CLANG_WARN_BLOCK_CAPTURE_AUTORELEASING = YES;
				CLANG_WARN_BOOL_CONVERSION = YES;
				CLANG_WARN_COMMA = YES;
				CLANG_WARN_CONSTANT_CONVERSION = YES;
				CLANG_WARN_DEPRECATED_OBJC_IMPLEMENTATIONS = YES;
				CLANG_WARN_DIRECT_OBJC_ISA_USAGE = YES_ERROR;
				CLANG_WARN_DOCUMENTATION_COMMENTS = YES;
				CLANG_WARN_EMPTY_BODY = YES;
				CLANG_WARN_ENUM_CONVERSION = YES;
				CLANG_WARN_INFINITE_RECURSION = YES;
				CLANG_WARN_INT_CONVERSION = YES;
				CLANG_WARN_NON_LITERAL_NULL_CONVERSION = YES;
				CLANG_WARN_OBJC_IMPLICIT_RETAIN_SELF = YES;
				CLANG_WARN_OBJC_LITERAL_CONVERSION = YES;
				CLANG_WARN_OBJC_ROOT_CLASS = YES_ERROR;
				CLANG_WARN_RANGE_LOOP_ANALYSIS = YES;
				CLANG_WARN_STRICT_PROTOTYPES = YES;
				CLANG_WARN_SUSPICIOUS_MOVE = YES;
				CLANG_WARN_UNGUARDED_AVAILABILITY = YES_AGGRESSIVE;
				CLANG_WARN_UNREACHABLE_CODE = YES;
				CLANG_WARN__DUPLICATE_METHOD_MATCH = YES;
				COPY_PHASE_STRIP = NO;
				DEBUG_INFORMATION_FORMAT = dwarf;
				ENABLE_STRICT_OBJC_MSGSEND = YES;
				ENABLE_TESTABILITY = YES;
				GCC_C_LANGUAGE_STANDARD = gnu11;
				GCC_DYNAMIC_NO_PIC = NO;
				GCC_NO_COMMON_BLOCKS = YES;
				GCC_OPTIMIZATION_LEVEL = 0;
				GCC_PREPROCESSOR_DEFINITIONS = (
					"DEBUG=1",
					"$(inherited)",
				);
				GCC_WARN_64_TO_32_BIT_CONVERSION = YES;
				GCC_WARN_ABOUT_RETURN_TYPE = YES_ERROR;
				GCC_WARN_UNDECLARED_SELECTOR = YES;
				GCC_WARN_UNINITIALIZED_AUTOS = YES_AGGRESSIVE;
				GCC_WARN_UNUSED_FUNCTION = YES;
				GCC_WARN_UNUSED_VARIABLE = YES;
				IPHONEOS_DEPLOYMENT_TARGET = 13.2;
				MTL_ENABLE_DEBUG_INFO = INCLUDE_SOURCE;
				MTL_FAST_MATH = YES;
				ONLY_ACTIVE_ARCH = YES;
				SDKROOT = iphoneos;
				SWIFT_ACTIVE_COMPILATION_CONDITIONS = DEBUG;
				SWIFT_OPTIMIZATION_LEVEL = "-Onone";
			};
			name = Debug;
		};
		5A8E919223A12E62006AD041 /* Release */ = {
			isa = XCBuildConfiguration;
			buildSettings = {
				ALWAYS_SEARCH_USER_PATHS = NO;
				CLANG_ANALYZER_NONNULL = YES;
				CLANG_ANALYZER_NUMBER_OBJECT_CONVERSION = YES_AGGRESSIVE;
				CLANG_CXX_LANGUAGE_STANDARD = "gnu++14";
				CLANG_CXX_LIBRARY = "libc++";
				CLANG_ENABLE_MODULES = YES;
				CLANG_ENABLE_OBJC_ARC = YES;
				CLANG_ENABLE_OBJC_WEAK = YES;
				CLANG_WARN_BLOCK_CAPTURE_AUTORELEASING = YES;
				CLANG_WARN_BOOL_CONVERSION = YES;
				CLANG_WARN_COMMA = YES;
				CLANG_WARN_CONSTANT_CONVERSION = YES;
				CLANG_WARN_DEPRECATED_OBJC_IMPLEMENTATIONS = YES;
				CLANG_WARN_DIRECT_OBJC_ISA_USAGE = YES_ERROR;
				CLANG_WARN_DOCUMENTATION_COMMENTS = YES;
				CLANG_WARN_EMPTY_BODY = YES;
				CLANG_WARN_ENUM_CONVERSION = YES;
				CLANG_WARN_INFINITE_RECURSION = YES;
				CLANG_WARN_INT_CONVERSION = YES;
				CLANG_WARN_NON_LITERAL_NULL_CONVERSION = YES;
				CLANG_WARN_OBJC_IMPLICIT_RETAIN_SELF = YES;
				CLANG_WARN_OBJC_LITERAL_CONVERSION = YES;
				CLANG_WARN_OBJC_ROOT_CLASS = YES_ERROR;
				CLANG_WARN_RANGE_LOOP_ANALYSIS = YES;
				CLANG_WARN_STRICT_PROTOTYPES = YES;
				CLANG_WARN_SUSPICIOUS_MOVE = YES;
				CLANG_WARN_UNGUARDED_AVAILABILITY = YES_AGGRESSIVE;
				CLANG_WARN_UNREACHABLE_CODE = YES;
				CLANG_WARN__DUPLICATE_METHOD_MATCH = YES;
				COPY_PHASE_STRIP = NO;
				DEBUG_INFORMATION_FORMAT = "dwarf-with-dsym";
				ENABLE_NS_ASSERTIONS = NO;
				ENABLE_STRICT_OBJC_MSGSEND = YES;
				GCC_C_LANGUAGE_STANDARD = gnu11;
				GCC_NO_COMMON_BLOCKS = YES;
				GCC_WARN_64_TO_32_BIT_CONVERSION = YES;
				GCC_WARN_ABOUT_RETURN_TYPE = YES_ERROR;
				GCC_WARN_UNDECLARED_SELECTOR = YES;
				GCC_WARN_UNINITIALIZED_AUTOS = YES_AGGRESSIVE;
				GCC_WARN_UNUSED_FUNCTION = YES;
				GCC_WARN_UNUSED_VARIABLE = YES;
				IPHONEOS_DEPLOYMENT_TARGET = 13.2;
				MTL_ENABLE_DEBUG_INFO = NO;
				MTL_FAST_MATH = YES;
				SDKROOT = iphoneos;
				SWIFT_COMPILATION_MODE = wholemodule;
				SWIFT_OPTIMIZATION_LEVEL = "-O";
				VALIDATE_PRODUCT = YES;
			};
			name = Release;
		};
		5A8E919423A12E62006AD041 /* Debug */ = {
			isa = XCBuildConfiguration;
			buildSettings = {
				ASSETCATALOG_COMPILER_APPICON_NAME = AppIcon;
				CODE_SIGN_STYLE = Manual;
				DEVELOPMENT_ASSET_PATHS = "\"ios-music-sample/Preview Content\"";
				DEVELOPMENT_TEAM = "";
				ENABLE_PREVIEWS = YES;
				INFOPLIST_FILE = "ios-music-sample/Info.plist";
				LD_RUNPATH_SEARCH_PATHS = (
					"$(inherited)",
					"@executable_path/Frameworks",
				);
				PRODUCT_BUNDLE_IDENTIFIER = "com.example.ios-music-sample";
				PRODUCT_NAME = "$(TARGET_NAME)";
				PROVISIONING_PROFILE_SPECIFIER = "";
				SWIFT_VERSION = 5.0;
				TARGETED_DEVICE_FAMILY = "1,2";
			};
			name = Debug;
		};
		5A8E919523A12E62006AD041 /* Release */ = {
			isa = XCBuildConfiguration;
			buildSettings = {
				ASSETCATALOG_COMPILER_APPICON_NAME = AppIcon;
				CODE_SIGN_STYLE = Manual;
				DEVELOPMENT_ASSET_PATHS = "\"ios-music-sample/Preview Content\"";
				DEVELOPMENT_TEAM = "";
				ENABLE_PREVIEWS = YES;
				INFOPLIST_FILE = "ios-music-sample/Info.plist";
				LD_RUNPATH_SEARCH_PATHS = (
					"$(inherited)",
					"@executable_path/Frameworks",
				);
				PRODUCT_BUNDLE_IDENTIFIER = "com.example.ios-music-sample";
				PRODUCT_NAME = "$(TARGET_NAME)";
				PROVISIONING_PROFILE_SPECIFIER = "";
				SWIFT_VERSION = 5.0;
				TARGETED_DEVICE_FAMILY = "1,2";
			};
			name = Release;
		};
/* End XCBuildConfiguration section */

/* Begin XCConfigurationList section */
		5A8E917A23A12E60006AD041 /* Build configuration list for PBXProject "ios-music-sample" */ = {
			isa = XCConfigurationList;
			buildConfigurations = (
				5A8E919123A12E62006AD041 /* Debug */,
				5A8E919223A12E62006AD041 /* Release */,
			);
			defaultConfigurationIsVisible = 0;
			defaultConfigurationName = Release;
		};
		5A8E919323A12E62006AD041 /* Build configuration list for PBXNativeTarget "ios-music-sample" */ = {
			isa = XCConfigurationList;
			buildConfigurations = (
				5A8E919423A12E62006AD041 /* Debug */,
				5A8E919523A12E62006AD041 /* Release */,
			);
			defaultConfigurationIsVisible = 0;
			defaultConfigurationName = Release;
		};
/* End XCConfigurationList section */
	};
	rootObject = 5A8E917723A12E60006AD041 /* Project object */;
}
